# This file is automatically @generated by Cargo.
# It is not intended for manual editing.
[[package]]
name = "addr2line"
version = "0.13.0"
source = "registry+https://github.com/rust-lang/crates.io-index"
checksum = "1b6a2d3371669ab3ca9797670853d61402b03d0b4b9ebf33d677dfa720203072"
dependencies = [
 "gimli",
]

[[package]]
name = "adler"
version = "0.2.3"
source = "registry+https://github.com/rust-lang/crates.io-index"
checksum = "ee2a4ec343196209d6594e19543ae87a39f96d5534d7174822a3ad825dd6ed7e"

[[package]]
name = "async-stream"
version = "0.3.0"
source = "registry+https://github.com/rust-lang/crates.io-index"
checksum = "3670df70cbc01729f901f94c887814b3c68db038aad1329a418bae178bc5295c"
dependencies = [
 "async-stream-impl",
 "futures-core",
]

[[package]]
name = "async-stream-impl"
version = "0.3.0"
source = "registry+https://github.com/rust-lang/crates.io-index"
checksum = "a3548b8efc9f8e8a5a0a2808c5bd8451a9031b9e5b879a79590304ae928b0a70"
dependencies = [
 "proc-macro2",
 "quote",
 "syn",
]

[[package]]
name = "autocfg"
version = "1.0.1"
source = "registry+https://github.com/rust-lang/crates.io-index"
checksum = "cdb031dd78e28731d87d56cc8ffef4a8f36ca26c38fe2de700543e627f8a464a"

[[package]]
name = "backtrace"
version = "0.3.53"
source = "registry+https://github.com/rust-lang/crates.io-index"
checksum = "707b586e0e2f247cbde68cdd2c3ce69ea7b7be43e1c5b426e37c9319c4b9838e"
dependencies = [
 "addr2line",
 "cfg-if 1.0.0",
 "libc",
 "miniz_oxide",
 "object",
 "rustc-demangle",
]

[[package]]
name = "bitflags"
version = "1.2.1"
source = "registry+https://github.com/rust-lang/crates.io-index"
checksum = "cf1de2fe8c75bc145a2f577add951f8134889b4795d47466a54a5c846d691693"

[[package]]
name = "bytes"
version = "0.5.6"
source = "registry+https://github.com/rust-lang/crates.io-index"
checksum = "0e4cec68f03f32e44924783795810fa50a7035d8c8ebe78580ad7e6c703fba38"

[[package]]
name = "bytes"
version = "1.0.0"
source = "registry+https://github.com/rust-lang/crates.io-index"
checksum = "ad1f8e949d755f9d79112b5bb46938e0ef9d3804a0b16dfab13aafcaa5f0fa72"

[[package]]
name = "cfg-if"
version = "0.1.10"
source = "registry+https://github.com/rust-lang/crates.io-index"
checksum = "4785bdd1c96b2a846b2bd7cc02e86b6b3dbf14e7e53446c4f54c92a361040822"

[[package]]
name = "cfg-if"
version = "1.0.0"
source = "registry+https://github.com/rust-lang/crates.io-index"
checksum = "baf1de4339761588bc0619e3cbc0120ee582ebb74b53b4efbf79117bd2da40fd"

[[package]]
name = "clap"
version = "2.33.3"
source = "registry+https://github.com/rust-lang/crates.io-index"
checksum = "37e58ac78573c40708d45522f0d80fa2f01cc4f9b4e2bf749807255454312002"
dependencies = [
 "bitflags",
 "textwrap",
 "unicode-width",
]

[[package]]
name = "color-eyre"
version = "0.5.6"
source = "registry+https://github.com/rust-lang/crates.io-index"
checksum = "f2a5123db5af8349c41c43ed0e5dca1cd56c911ea0c4ce6e6ff30f159fa5d27e"
dependencies = [
 "backtrace",
 "eyre",
 "indenter",
 "once_cell",
 "owo-colors",
]

[[package]]
name = "either"
version = "1.6.1"
source = "registry+https://github.com/rust-lang/crates.io-index"
checksum = "e78d4f1cc4ae33bbfc157ed5d5a5ef3bc29227303d595861deb238fcec4e9457"

[[package]]
name = "eyre"
version = "0.6.1"
source = "registry+https://github.com/rust-lang/crates.io-index"
checksum = "f4c5cb4dc433c59f09df4b4450f649cbfed61e8a3505abe32e4154066439157e"
dependencies = [
 "indenter",
 "once_cell",
]

[[package]]
name = "fnv"
version = "1.0.7"
source = "registry+https://github.com/rust-lang/crates.io-index"
checksum = "3f9eec918d3f24069decb9af1554cad7c880e2da24a9afd88aca000531ab82c1"

[[package]]
name = "futures"
version = "0.3.6"
source = "registry+https://github.com/rust-lang/crates.io-index"
checksum = "5d8e3078b7b2a8a671cb7a3d17b4760e4181ea243227776ba83fd043b4ca034e"
dependencies = [
 "futures-channel",
 "futures-core",
 "futures-executor",
 "futures-io",
 "futures-sink",
 "futures-task",
 "futures-util",
]

[[package]]
name = "futures-channel"
version = "0.3.6"
source = "registry+https://github.com/rust-lang/crates.io-index"
checksum = "a7a4d35f7401e948629c9c3d6638fb9bf94e0b2121e96c3b428cc4e631f3eb74"
dependencies = [
 "futures-core",
 "futures-sink",
]

[[package]]
name = "futures-core"
version = "0.3.6"
source = "registry+https://github.com/rust-lang/crates.io-index"
checksum = "d674eaa0056896d5ada519900dbf97ead2e46a7b6621e8160d79e2f2e1e2784b"

[[package]]
name = "futures-executor"
version = "0.3.6"
source = "registry+https://github.com/rust-lang/crates.io-index"
checksum = "cc709ca1da6f66143b8c9bec8e6260181869893714e9b5a490b169b0414144ab"
dependencies = [
 "futures-core",
 "futures-task",
 "futures-util",
]

[[package]]
name = "futures-io"
version = "0.3.6"
source = "registry+https://github.com/rust-lang/crates.io-index"
checksum = "5fc94b64bb39543b4e432f1790b6bf18e3ee3b74653c5449f63310e9a74b123c"

[[package]]
name = "futures-macro"
version = "0.3.6"
source = "registry+https://github.com/rust-lang/crates.io-index"
checksum = "f57ed14da4603b2554682e9f2ff3c65d7567b53188db96cb71538217fc64581b"
dependencies = [
 "proc-macro-hack",
 "proc-macro2",
 "quote",
 "syn",
]

[[package]]
name = "futures-sink"
version = "0.3.6"
source = "registry+https://github.com/rust-lang/crates.io-index"
checksum = "0d8764258ed64ebc5d9ed185cf86a95db5cac810269c5d20ececb32e0088abbd"

[[package]]
name = "futures-task"
version = "0.3.6"
source = "registry+https://github.com/rust-lang/crates.io-index"
checksum = "4dd26820a9f3637f1302da8bceba3ff33adbe53464b54ca24d4e2d4f1db30f94"
dependencies = [
 "once_cell",
]

[[package]]
name = "futures-util"
version = "0.3.6"
source = "registry+https://github.com/rust-lang/crates.io-index"
checksum = "8a894a0acddba51a2d49a6f4263b1e64b8c579ece8af50fa86503d52cd1eea34"
dependencies = [
 "futures-channel",
 "futures-core",
 "futures-io",
 "futures-macro",
 "futures-sink",
 "futures-task",
 "memchr",
 "pin-project 0.4.27",
 "pin-utils",
 "proc-macro-hack",
 "proc-macro-nested",
 "slab",
]

[[package]]
name = "gimli"
version = "0.22.0"
source = "registry+https://github.com/rust-lang/crates.io-index"
checksum = "aaf91faf136cb47367fa430cd46e37a788775e7fa104f8b4bcb3861dc389b724"

[[package]]
name = "h2"
version = "0.3.0"
source = "registry+https://github.com/rust-lang/crates.io-index"
checksum = "6b67e66362108efccd8ac053abafc8b7a8d86a37e6e48fc4f6f7485eb5e9e6a5"
dependencies = [
 "bytes 1.0.0",
 "fnv",
 "futures-core",
 "futures-sink",
 "futures-util",
 "http",
 "indexmap",
 "slab",
 "tokio",
 "tokio-util",
 "tracing",
 "tracing-futures",
]

[[package]]
name = "hashbrown"
version = "0.9.1"
source = "registry+https://github.com/rust-lang/crates.io-index"
checksum = "d7afe4a420e3fe79967a00898cc1f4db7c8a49a9333a29f8a4bd76a253d5cd04"

[[package]]
name = "heck"
version = "0.3.1"
source = "registry+https://github.com/rust-lang/crates.io-index"
checksum = "20564e78d53d2bb135c343b3f47714a56af2061f1c928fdb541dc7b9fdd94205"
dependencies = [
 "unicode-segmentation",
]

[[package]]
name = "hermit-abi"
version = "0.1.17"
source = "registry+https://github.com/rust-lang/crates.io-index"
checksum = "5aca5565f760fb5b220e499d72710ed156fdb74e631659e99377d9ebfbd13ae8"
dependencies = [
 "libc",
]

[[package]]
name = "http"
version = "0.2.2"
source = "registry+https://github.com/rust-lang/crates.io-index"
checksum = "84129d298a6d57d246960ff8eb831ca4af3f96d29e2e28848dae275408658e26"
dependencies = [
 "bytes 0.5.6",
 "fnv",
 "itoa",
]

[[package]]
name = "http-body"
version = "0.4.0"
source = "registry+https://github.com/rust-lang/crates.io-index"
checksum = "2861bd27ee074e5ee891e8b539837a9430012e249d7f0ca2d795650f579c1994"
dependencies = [
 "bytes 1.0.0",
 "http",
]

[[package]]
name = "httparse"
version = "1.3.4"
source = "registry+https://github.com/rust-lang/crates.io-index"
checksum = "cd179ae861f0c2e53da70d892f5f3029f9594be0c41dc5269cd371691b1dc2f9"

[[package]]
name = "httpdate"
version = "0.3.2"
source = "registry+https://github.com/rust-lang/crates.io-index"
checksum = "494b4d60369511e7dea41cf646832512a94e542f68bb9c49e54518e0f468eb47"

[[package]]
name = "hyper"
version = "0.14.1"
source = "registry+https://github.com/rust-lang/crates.io-index"
checksum = "b7b980c7bc75203b968f06374cbde00bf1818e02e156b8e5b6ccf440fb53b6d0"
dependencies = [
 "bytes 1.0.0",
 "futures-channel",
 "futures-core",
 "futures-util",
 "h2",
 "http",
 "http-body",
 "httparse",
 "httpdate",
 "itoa",
 "pin-project 1.0.2",
 "socket2",
 "tokio",
 "tower-service",
 "tracing",
 "want",
]

[[package]]
name = "indenter"
version = "0.3.0"
source = "registry+https://github.com/rust-lang/crates.io-index"
checksum = "e0bd112d44d9d870a6819eb505d04dd92b5e4d94bb8c304924a0872ae7016fb5"

[[package]]
name = "indexmap"
version = "1.6.1"
source = "registry+https://github.com/rust-lang/crates.io-index"
checksum = "4fb1fa934250de4de8aef298d81c729a7d33d8c239daa3a7575e6b92bfc7313b"
dependencies = [
 "autocfg",
 "hashbrown",
]

[[package]]
name = "itoa"
version = "0.4.6"
source = "registry+https://github.com/rust-lang/crates.io-index"
checksum = "dc6f3ad7b9d11a0c00842ff8de1b60ee58661048eb8049ed33c73594f359d7e6"

[[package]]
name = "lazy_static"
version = "1.4.0"
source = "registry+https://github.com/rust-lang/crates.io-index"
checksum = "e2abad23fbc42b3700f2f279844dc832adb2b2eb069b2df918f455c4e18cc646"

[[package]]
name = "libc"
version = "0.2.79"
source = "registry+https://github.com/rust-lang/crates.io-index"
checksum = "2448f6066e80e3bfc792e9c98bf705b4b0fc6e8ef5b43e5889aff0eaa9c58743"

[[package]]
name = "log"
version = "0.4.11"
source = "registry+https://github.com/rust-lang/crates.io-index"
checksum = "4fabed175da42fed1fa0746b0ea71f412aa9d35e76e95e59b192c64b9dc2bf8b"
dependencies = [
 "cfg-if 0.1.10",
]

[[package]]
name = "memchr"
version = "2.3.3"
source = "registry+https://github.com/rust-lang/crates.io-index"
checksum = "3728d817d99e5ac407411fa471ff9800a778d88a24685968b36824eaf4bee400"

[[package]]
name = "miniz_oxide"
version = "0.4.3"
source = "registry+https://github.com/rust-lang/crates.io-index"
checksum = "0f2d26ec3309788e423cfbf68ad1800f061638098d76a83681af979dc4eda19d"
dependencies = [
 "adler",
 "autocfg",
]

[[package]]
name = "mio"
version = "0.7.6"
source = "registry+https://github.com/rust-lang/crates.io-index"
checksum = "f33bc887064ef1fd66020c9adfc45bb9f33d75a42096c81e7c56c65b75dd1a8b"
dependencies = [
 "libc",
 "log",
 "miow",
 "ntapi",
 "winapi",
]

[[package]]
name = "miow"
version = "0.3.6"
source = "registry+https://github.com/rust-lang/crates.io-index"
checksum = "5a33c1b55807fbed163481b5ba66db4b2fa6cde694a5027be10fb724206c5897"
dependencies = [
 "socket2",
 "winapi",
]

[[package]]
name = "ntapi"
version = "0.3.6"
source = "registry+https://github.com/rust-lang/crates.io-index"
checksum = "3f6bb902e437b6d86e03cce10a7e2af662292c5dfef23b65899ea3ac9354ad44"
dependencies = [
 "winapi",
]

[[package]]
name = "num_cpus"
version = "1.13.0"
source = "registry+https://github.com/rust-lang/crates.io-index"
checksum = "05499f3756671c15885fee9034446956fff3f243d6077b91e5767df161f766b3"
dependencies = [
 "hermit-abi",
 "libc",
]

[[package]]
name = "object"
version = "0.21.1"
source = "registry+https://github.com/rust-lang/crates.io-index"
checksum = "37fd5004feb2ce328a52b0b3d01dbf4ffff72583493900ed15f22d4111c51693"

[[package]]
name = "once_cell"
version = "1.4.1"
source = "registry+https://github.com/rust-lang/crates.io-index"
checksum = "260e51e7efe62b592207e9e13a68e43692a7a279171d6ba57abd208bf23645ad"

[[package]]
name = "owo-colors"
version = "1.1.3"
source = "registry+https://github.com/rust-lang/crates.io-index"
checksum = "7a1250cdd103eef6bd542b5ae82989f931fc00a41a27f60377338241594410f3"

[[package]]
name = "pin-project"
version = "0.4.27"
source = "registry+https://github.com/rust-lang/crates.io-index"
checksum = "2ffbc8e94b38ea3d2d8ba92aea2983b503cd75d0888d75b86bb37970b5698e15"
dependencies = [
 "pin-project-internal 0.4.27",
]

[[package]]
name = "pin-project"
version = "1.0.2"
source = "registry+https://github.com/rust-lang/crates.io-index"
checksum = "9ccc2237c2c489783abd8c4c80e5450fc0e98644555b1364da68cc29aa151ca7"
dependencies = [
 "pin-project-internal 1.0.2",
]

[[package]]
name = "pin-project-internal"
version = "0.4.27"
source = "registry+https://github.com/rust-lang/crates.io-index"
checksum = "65ad2ae56b6abe3a1ee25f15ee605bacadb9a764edaba9c2bf4103800d4a1895"
dependencies = [
 "proc-macro2",
 "quote",
 "syn",
]

[[package]]
name = "pin-project-internal"
version = "1.0.2"
source = "registry+https://github.com/rust-lang/crates.io-index"
checksum = "f8e8d2bf0b23038a4424865103a4df472855692821aab4e4f5c3312d461d9e5f"
dependencies = [
 "proc-macro2",
 "quote",
 "syn",
]

[[package]]
name = "pin-project-lite"
version = "0.1.10"
source = "registry+https://github.com/rust-lang/crates.io-index"
checksum = "e555d9e657502182ac97b539fb3dae8b79cda19e3e4f8ffb5e8de4f18df93c95"

[[package]]
name = "pin-project-lite"
version = "0.2.0"
source = "registry+https://github.com/rust-lang/crates.io-index"
checksum = "6b063f57ec186e6140e2b8b6921e5f1bd89c7356dda5b33acc5401203ca6131c"

[[package]]
name = "pin-utils"
version = "0.1.0"
source = "registry+https://github.com/rust-lang/crates.io-index"
checksum = "8b870d8c151b6f2fb93e84a13146138f05d02ed11c7e7c54f8826aaaf7c9f184"

[[package]]
name = "proc-macro-error"
version = "1.0.4"
source = "registry+https://github.com/rust-lang/crates.io-index"
checksum = "da25490ff9892aab3fcf7c36f08cfb902dd3e71ca0f9f9517bea02a73a5ce38c"
dependencies = [
 "proc-macro-error-attr",
 "proc-macro2",
 "quote",
 "syn",
 "version_check",
]

[[package]]
name = "proc-macro-error-attr"
version = "1.0.4"
source = "registry+https://github.com/rust-lang/crates.io-index"
checksum = "a1be40180e52ecc98ad80b184934baf3d0d29f979574e439af5a55274b35f869"
dependencies = [
 "proc-macro2",
 "quote",
 "version_check",
]

[[package]]
name = "proc-macro-hack"
version = "0.5.18"
source = "registry+https://github.com/rust-lang/crates.io-index"
checksum = "99c605b9a0adc77b7211c6b1f722dcb613d68d66859a44f3d485a6da332b0598"

[[package]]
name = "proc-macro-nested"
version = "0.1.6"
source = "registry+https://github.com/rust-lang/crates.io-index"
checksum = "eba180dafb9038b050a4c280019bbedf9f2467b61e5d892dcad585bb57aadc5a"

[[package]]
name = "proc-macro2"
version = "1.0.24"
source = "registry+https://github.com/rust-lang/crates.io-index"
checksum = "1e0704ee1a7e00d7bb417d0770ea303c1bccbabf0ef1667dae92b5967f5f8a71"
dependencies = [
 "unicode-xid",
]

[[package]]
name = "quote"
version = "1.0.7"
source = "registry+https://github.com/rust-lang/crates.io-index"
checksum = "aa563d17ecb180e500da1cfd2b028310ac758de548efdd203e18f283af693f37"
dependencies = [
 "proc-macro2",
]

[[package]]
name = "rustc-demangle"
version = "0.1.17"
source = "registry+https://github.com/rust-lang/crates.io-index"
checksum = "b2610b7f643d18c87dff3b489950269617e6601a51f1f05aa5daefee36f64f0b"

[[package]]
name = "slab"
version = "0.4.2"
source = "registry+https://github.com/rust-lang/crates.io-index"
checksum = "c111b5bd5695e56cffe5129854aa230b39c93a305372fdbb2668ca2394eea9f8"

[[package]]
name = "socket2"
version = "0.3.19"
source = "registry+https://github.com/rust-lang/crates.io-index"
checksum = "122e570113d28d773067fab24266b66753f6ea915758651696b6e35e49f88d6e"
dependencies = [
 "cfg-if 1.0.0",
 "libc",
 "winapi",
]

[[package]]
name = "sthp"
version = "0.1.0"
dependencies = [
 "color-eyre",
 "futures-util",
 "http",
 "hyper",
 "structopt",
 "tokio",
 "tokio-socks",
]

[[package]]
name = "structopt"
version = "0.3.20"
source = "registry+https://github.com/rust-lang/crates.io-index"
checksum = "126d630294ec449fae0b16f964e35bf3c74f940da9dca17ee9b905f7b3112eb8"
dependencies = [
 "clap",
 "lazy_static",
 "structopt-derive",
]

[[package]]
name = "structopt-derive"
version = "0.4.13"
source = "registry+https://github.com/rust-lang/crates.io-index"
checksum = "65e51c492f9e23a220534971ff5afc14037289de430e3c83f9daf6a1b6ae91e8"
dependencies = [
 "heck",
 "proc-macro-error",
 "proc-macro2",
 "quote",
 "syn",
]

[[package]]
name = "syn"
version = "1.0.44"
source = "registry+https://github.com/rust-lang/crates.io-index"
checksum = "e03e57e4fcbfe7749842d53e24ccb9aa12b7252dbe5e91d2acad31834c8b8fdd"
dependencies = [
 "proc-macro2",
 "quote",
 "unicode-xid",
]

[[package]]
name = "textwrap"
version = "0.11.0"
source = "registry+https://github.com/rust-lang/crates.io-index"
checksum = "d326610f408c7a4eb6f51c37c330e496b08506c9457c9d34287ecc38809fb060"
dependencies = [
 "unicode-width",
]

[[package]]
name = "thiserror"
version = "1.0.21"
source = "registry+https://github.com/rust-lang/crates.io-index"
checksum = "318234ffa22e0920fe9a40d7b8369b5f649d490980cf7aadcf1eb91594869b42"
dependencies = [
 "thiserror-impl",
]

[[package]]
name = "thiserror-impl"
version = "1.0.21"
source = "registry+https://github.com/rust-lang/crates.io-index"
checksum = "cae2447b6282786c3493999f40a9be2a6ad20cb8bd268b0a0dbf5a065535c0ab"
dependencies = [
 "proc-macro2",
 "quote",
 "syn",
]

[[package]]
name = "tokio"
version = "1.0.0"
source = "registry+https://github.com/rust-lang/crates.io-index"
checksum = "9f4bfdcbd00fa893ac0549b38aa27080636a0104b0d0c38475a99439405e1df8"
dependencies = [
 "autocfg",
 "bytes 1.0.0",
 "libc",
 "memchr",
 "mio",
 "num_cpus",
 "pin-project-lite 0.2.0",
 "tokio-macros",
]

[[package]]
name = "tokio-macros"
version = "1.0.0"
source = "registry+https://github.com/rust-lang/crates.io-index"
checksum = "42517d2975ca3114b22a16192634e8241dc5cc1f130be194645970cc1c371494"
dependencies = [
 "proc-macro2",
 "quote",
 "syn",
]

[[package]]
name = "tokio-socks"
version = "0.5.0"
source = "registry+https://github.com/rust-lang/crates.io-index"
checksum = "9d447a2a6e31423c7aca895da115b945bbcacd5e6d2bfb87deb9c027e90acb36"
dependencies = [
 "either",
 "futures",
 "thiserror",
 "tokio",
]

[[package]]
name = "tokio-stream"
version = "0.1.0"
source = "registry+https://github.com/rust-lang/crates.io-index"
checksum = "3f3be913b74b13210c8fe04b17ab833f5a124f45b93d0f99f59fff621f64392a"
dependencies = [
 "async-stream",
 "futures-core",
 "pin-project-lite 0.2.0",
 "tokio",
]

[[package]]
name = "tokio-util"
version = "0.6.0"
source = "registry+https://github.com/rust-lang/crates.io-index"
checksum = "36135b7e7da911f5f8b9331209f7fab4cc13498f3fff52f72a710c78187e3148"
dependencies = [
 "bytes 1.0.0",
 "futures-core",
 "futures-sink",
 "log",
 "pin-project-lite 0.2.0",
 "tokio",
 "tokio-stream",
]

[[package]]
name = "tower-service"
version = "0.3.0"
source = "registry+https://github.com/rust-lang/crates.io-index"
checksum = "e987b6bf443f4b5b3b6f38704195592cca41c5bb7aedd3c3693c7081f8289860"

[[package]]
name = "tracing"
version = "0.1.21"
source = "registry+https://github.com/rust-lang/crates.io-index"
checksum = "b0987850db3733619253fe60e17cb59b82d37c7e6c0236bb81e4d6b87c879f27"
dependencies = [
 "cfg-if 0.1.10",
 "pin-project-lite 0.1.10",
 "tracing-core",
]

[[package]]
name = "tracing-core"
version = "0.1.17"
source = "registry+https://github.com/rust-lang/crates.io-index"
checksum = "f50de3927f93d202783f4513cda820ab47ef17f624b03c096e86ef00c67e6b5f"
dependencies = [
 "lazy_static",
]

[[package]]
name = "tracing-futures"
version = "0.2.4"
source = "registry+https://github.com/rust-lang/crates.io-index"
checksum = "ab7bb6f14721aa00656086e9335d363c5c8747bae02ebe32ea2c7dece5689b4c"
dependencies = [
 "pin-project 0.4.27",
 "tracing",
]

[[package]]
name = "try-lock"
version = "0.2.3"
source = "registry+https://github.com/rust-lang/crates.io-index"
checksum = "59547bce71d9c38b83d9c0e92b6066c4253371f15005def0c30d9657f50c7642"

[[package]]
name = "unicode-segmentation"
version = "1.6.0"
source = "registry+https://github.com/rust-lang/crates.io-index"
checksum = "e83e153d1053cbb5a118eeff7fd5be06ed99153f00dbcd8ae310c5fb2b22edc0"

[[package]]
name = "unicode-width"
version = "0.1.8"
source = "registry+https://github.com/rust-lang/crates.io-index"
checksum = "9337591893a19b88d8d87f2cec1e73fad5cdfd10e5a6f349f498ad6ea2ffb1e3"

[[package]]
name = "unicode-xid"
version = "0.2.1"
source = "registry+https://github.com/rust-lang/crates.io-index"
checksum = "f7fe0bb3479651439c9112f72b6c505038574c9fbb575ed1bf3b797fa39dd564"

[[package]]
name = "version_check"
version = "0.9.2"
source = "registry+https://github.com/rust-lang/crates.io-index"
checksum = "b5a972e5669d67ba988ce3dc826706fb0a8b01471c088cb0b6110b805cc36aed"

[[package]]
name = "want"
version = "0.3.0"
source = "registry+https://github.com/rust-lang/crates.io-index"
checksum = "1ce8a968cb1cd110d136ff8b819a556d6fb6d919363c61534f6860c7eb172ba0"
dependencies = [
 "log",
 "try-lock",
]

[[package]]
name = "winapi"
version = "0.3.9"
source = "registry+https://github.com/rust-lang/crates.io-index"
checksum = "5c839a674fcd7a98952e593242ea400abe93992746761e38641405d28b00f419"
dependencies = [
 "winapi-i686-pc-windows-gnu",
 "winapi-x86_64-pc-windows-gnu",
]

[[package]]
name = "winapi-i686-pc-windows-gnu"
version = "0.4.0"
source = "registry+https://github.com/rust-lang/crates.io-index"
checksum = "ac3b87c63620426dd9b991e5ce0329eff545bccbbb34f3be09ff6fb6ab51b7b6"

[[package]]
name = "winapi-x86_64-pc-windows-gnu"
version = "0.4.0"
source = "registry+https://github.com/rust-lang/crates.io-index"
checksum = "712e227841d057c1ee1cd2fb22fa7e5a5461ae8e48fa2ca79ec42cfc1931183f"
